// !$*UTF8*$!
{
	archiveVersion = 1;
	classes = {
	};
	objectVersion = 56;
	objects = {

/* Begin PBXBuildFile section */
		582EF00B2B2C88A600AE804D /* Swinject in Frameworks */ = {isa = PBXBuildFile; productRef = 582EF00A2B2C88A600AE804D /* Swinject */; };
		582EF0152B2C890000AE804D /* ModuleBuilder.swift in Sources */ = {isa = PBXBuildFile; fileRef = 582EF0112B2C890000AE804D /* ModuleBuilder.swift */; };
		582EF0162B2C890000AE804D /* ModuleRouter.swift in Sources */ = {isa = PBXBuildFile; fileRef = 582EF0132B2C890000AE804D /* ModuleRouter.swift */; };
		582EF0172B2C890000AE804D /* Router.swift in Sources */ = {isa = PBXBuildFile; fileRef = 582EF0142B2C890000AE804D /* Router.swift */; };
		582EF0432B2C893500AE804D /* RootModuleBuilder.swift in Sources */ = {isa = PBXBuildFile; fileRef = 582EF01B2B2C893500AE804D /* RootModuleBuilder.swift */; };
		582EF0442B2C893500AE804D /* RootModuleProtocol.swift in Sources */ = {isa = PBXBuildFile; fileRef = 582EF01D2B2C893500AE804D /* RootModuleProtocol.swift */; };
		582EF0452B2C893500AE804D /* RootModuleDelegateProtocol.swift in Sources */ = {isa = PBXBuildFile; fileRef = 582EF01E2B2C893500AE804D /* RootModuleDelegateProtocol.swift */; };
		582EF0462B2C893500AE804D /* RootModulePresenter+RootModulePresenterProtocol.swift in Sources */ = {isa = PBXBuildFile; fileRef = 582EF0222B2C893500AE804D /* RootModulePresenter+RootModulePresenterProtocol.swift */; };
		582EF0472B2C893500AE804D /* RootModulePresenter+RootModuleProtocol.swift in Sources */ = {isa = PBXBuildFile; fileRef = 582EF0232B2C893500AE804D /* RootModulePresenter+RootModuleProtocol.swift */; };
		582EF0482B2C893500AE804D /* RootModulePresenter.swift in Sources */ = {isa = PBXBuildFile; fileRef = 582EF0252B2C893500AE804D /* RootModulePresenter.swift */; };
		582EF0492B2C893500AE804D /* RootModulePresenterProtocol.swift in Sources */ = {isa = PBXBuildFile; fileRef = 582EF0272B2C893500AE804D /* RootModulePresenterProtocol.swift */; };
		582EF04A2B2C893500AE804D /* RootModuleDependenciesProtocol.swift in Sources */ = {isa = PBXBuildFile; fileRef = 582EF0292B2C893500AE804D /* RootModuleDependenciesProtocol.swift */; };
		582EF04B2B2C893500AE804D /* RootModuleDependencies.swift in Sources */ = {isa = PBXBuildFile; fileRef = 582EF02A2B2C893500AE804D /* RootModuleDependencies.swift */; };
		582EF04C2B2C893500AE804D /* RootModuleView+RootModuleViewProtocol.swift in Sources */ = {isa = PBXBuildFile; fileRef = 582EF02E2B2C893500AE804D /* RootModuleView+RootModuleViewProtocol.swift */; };
		582EF04D2B2C893500AE804D /* RootModuleView.swift in Sources */ = {isa = PBXBuildFile; fileRef = 582EF0302B2C893500AE804D /* RootModuleView.swift */; };
		582EF04E2B2C893500AE804D /* RootModuleViewProtocol.swift in Sources */ = {isa = PBXBuildFile; fileRef = 582EF0322B2C893500AE804D /* RootModuleViewProtocol.swift */; };
		582EF04F2B2C893500AE804D /* RootModuleInteractor+RootModuleInteractorProtocol.swift in Sources */ = {isa = PBXBuildFile; fileRef = 582EF0362B2C893500AE804D /* RootModuleInteractor+RootModuleInteractorProtocol.swift */; };
		582EF0502B2C893500AE804D /* RootModuleInteractor.swift in Sources */ = {isa = PBXBuildFile; fileRef = 582EF0382B2C893500AE804D /* RootModuleInteractor.swift */; };
		582EF0512B2C893500AE804D /* RootModuleInteractorProtocol.swift in Sources */ = {isa = PBXBuildFile; fileRef = 582EF03A2B2C893500AE804D /* RootModuleInteractorProtocol.swift */; };
		582EF0522B2C893500AE804D /* RootModuleRouter+RootModuleRouterProtocol.swift in Sources */ = {isa = PBXBuildFile; fileRef = 582EF03E2B2C893500AE804D /* RootModuleRouter+RootModuleRouterProtocol.swift */; };
		582EF0532B2C893500AE804D /* RootModuleRouter.swift in Sources */ = {isa = PBXBuildFile; fileRef = 582EF0402B2C893500AE804D /* RootModuleRouter.swift */; };
		582EF0542B2C893500AE804D /* RootModuleRouterProtocol.swift in Sources */ = {isa = PBXBuildFile; fileRef = 582EF0422B2C893500AE804D /* RootModuleRouterProtocol.swift */; };
		582EF0882B2C8C0F00AE804D /* CameraModuleBuilder.swift in Sources */ = {isa = PBXBuildFile; fileRef = 582EF05C2B2C8C0F00AE804D /* CameraModuleBuilder.swift */; };
		582EF0892B2C8C0F00AE804D /* CameraModuleProtocol.swift in Sources */ = {isa = PBXBuildFile; fileRef = 582EF05E2B2C8C0F00AE804D /* CameraModuleProtocol.swift */; };
		582EF08A2B2C8C0F00AE804D /* CameraModuleDelegateProtocol.swift in Sources */ = {isa = PBXBuildFile; fileRef = 582EF05F2B2C8C0F00AE804D /* CameraModuleDelegateProtocol.swift */; };
		582EF08B2B2C8C0F00AE804D /* CameraModulePresenter+CameraModuleProtocol.swift in Sources */ = {isa = PBXBuildFile; fileRef = 582EF0632B2C8C0F00AE804D /* CameraModulePresenter+CameraModuleProtocol.swift */; };
		582EF08C2B2C8C0F00AE804D /* CameraModulePresenter+CameraModulePresenterProtocol.swift in Sources */ = {isa = PBXBuildFile; fileRef = 582EF0642B2C8C0F00AE804D /* CameraModulePresenter+CameraModulePresenterProtocol.swift */; };
		582EF08D2B2C8C0F00AE804D /* CameraModulePresenter.swift in Sources */ = {isa = PBXBuildFile; fileRef = 582EF0662B2C8C0F00AE804D /* CameraModulePresenter.swift */; };
		582EF08E2B2C8C0F00AE804D /* CameraModulePresenterProtocol.swift in Sources */ = {isa = PBXBuildFile; fileRef = 582EF0682B2C8C0F00AE804D /* CameraModulePresenterProtocol.swift */; };
		582EF08F2B2C8C0F00AE804D /* CameraModuleDependenciesContainer.swift in Sources */ = {isa = PBXBuildFile; fileRef = 582EF06A2B2C8C0F00AE804D /* CameraModuleDependenciesContainer.swift */; };
		582EF0902B2C8C0F00AE804D /* CameraModuleDependenciesProtocol.swift in Sources */ = {isa = PBXBuildFile; fileRef = 582EF06B2B2C8C0F00AE804D /* CameraModuleDependenciesProtocol.swift */; };
		582EF0922B2C8C0F00AE804D /* CameraModuleView+SetupActions.swift in Sources */ = {isa = PBXBuildFile; fileRef = 582EF0702B2C8C0F00AE804D /* CameraModuleView+SetupActions.swift */; };
		582EF0932B2C8C0F00AE804D /* CameraModuleView+SetupLayout.swift in Sources */ = {isa = PBXBuildFile; fileRef = 582EF0712B2C8C0F00AE804D /* CameraModuleView+SetupLayout.swift */; };
		582EF0942B2C8C0F00AE804D /* CameraModuleView+CameraModuleViewProtocol.swift in Sources */ = {isa = PBXBuildFile; fileRef = 582EF0722B2C8C0F00AE804D /* CameraModuleView+CameraModuleViewProtocol.swift */; };
		582EF0952B2C8C0F00AE804D /* CameraModuleView+SetupViews.swift in Sources */ = {isa = PBXBuildFile; fileRef = 582EF0732B2C8C0F00AE804D /* CameraModuleView+SetupViews.swift */; };
		582EF0962B2C8C0F00AE804D /* CameraModuleView.swift in Sources */ = {isa = PBXBuildFile; fileRef = 582EF0752B2C8C0F00AE804D /* CameraModuleView.swift */; };
		582EF0972B2C8C0F00AE804D /* CameraModuleViewProtocol.swift in Sources */ = {isa = PBXBuildFile; fileRef = 582EF0772B2C8C0F00AE804D /* CameraModuleViewProtocol.swift */; };
		582EF0982B2C8C0F00AE804D /* CameraModuleInteractor+CameraModuleInteractorProtocol.swift in Sources */ = {isa = PBXBuildFile; fileRef = 582EF07B2B2C8C0F00AE804D /* CameraModuleInteractor+CameraModuleInteractorProtocol.swift */; };
		582EF0992B2C8C0F00AE804D /* CameraModuleInteractor.swift in Sources */ = {isa = PBXBuildFile; fileRef = 582EF07D2B2C8C0F00AE804D /* CameraModuleInteractor.swift */; };
		582EF09A2B2C8C0F00AE804D /* CameraModuleInteractorProtocol.swift in Sources */ = {isa = PBXBuildFile; fileRef = 582EF07F2B2C8C0F00AE804D /* CameraModuleInteractorProtocol.swift */; };
		582EF09B2B2C8C0F00AE804D /* CameraModuleRouter+CameraModuleRouterProtocol.swift in Sources */ = {isa = PBXBuildFile; fileRef = 582EF0832B2C8C0F00AE804D /* CameraModuleRouter+CameraModuleRouterProtocol.swift */; };
		582EF09C2B2C8C0F00AE804D /* CameraModuleRouter.swift in Sources */ = {isa = PBXBuildFile; fileRef = 582EF0852B2C8C0F00AE804D /* CameraModuleRouter.swift */; };
		582EF09D2B2C8C0F00AE804D /* CameraModuleRouterProtocol.swift in Sources */ = {isa = PBXBuildFile; fileRef = 582EF0872B2C8C0F00AE804D /* CameraModuleRouterProtocol.swift */; };
		582EF0A32B2C91D600AE804D /* CameraServiceProtocol.swift in Sources */ = {isa = PBXBuildFile; fileRef = 582EF0A22B2C91D600AE804D /* CameraServiceProtocol.swift */; };
		582EF0A72B2C91F000AE804D /* CameraService.swift in Sources */ = {isa = PBXBuildFile; fileRef = 582EF0A62B2C91F000AE804D /* CameraService.swift */; };
		582EF0A92B2C920000AE804D /* CameraService+CameraServiceProtocol.swift in Sources */ = {isa = PBXBuildFile; fileRef = 582EF0A82B2C920000AE804D /* CameraService+CameraServiceProtocol.swift */; };
		582EF0AB2B2C945200AE804D /* CameraService+Error.swift in Sources */ = {isa = PBXBuildFile; fileRef = 582EF0AA2B2C945200AE804D /* CameraService+Error.swift */; };
		582EF0AD2B2C956A00AE804D /* CameraService+Output.swift in Sources */ = {isa = PBXBuildFile; fileRef = 582EF0AC2B2C956A00AE804D /* CameraService+Output.swift */; };
		582EF0AF2B2C970000AE804D /* CameraServiceDelegateProtocol.swift in Sources */ = {isa = PBXBuildFile; fileRef = 582EF0AE2B2C970000AE804D /* CameraServiceDelegateProtocol.swift */; };
		582EF0B12B2C987D00AE804D /* CameraService+Setup.swift in Sources */ = {isa = PBXBuildFile; fileRef = 582EF0B02B2C987D00AE804D /* CameraService+Setup.swift */; };
		582EF0B52B2C9BDC00AE804D /* Container+TryResolve.swift in Sources */ = {isa = PBXBuildFile; fileRef = 582EF0B42B2C9BDB00AE804D /* Container+TryResolve.swift */; };
		58B648562B2C86E30080B8F9 /* AppDelegate.swift in Sources */ = {isa = PBXBuildFile; fileRef = 58B648552B2C86E30080B8F9 /* AppDelegate.swift */; };
		58B6485F2B2C86E60080B8F9 /* Assets.xcassets in Resources */ = {isa = PBXBuildFile; fileRef = 58B6485E2B2C86E60080B8F9 /* Assets.xcassets */; };
		58B648622B2C86E60080B8F9 /* LaunchScreen.storyboard in Resources */ = {isa = PBXBuildFile; fileRef = 58B648602B2C86E60080B8F9 /* LaunchScreen.storyboard */; };
/* End PBXBuildFile section */

/* Begin PBXFileReference section */
		582EF0112B2C890000AE804D /* ModuleBuilder.swift */ = {isa = PBXFileReference; fileEncoding = 4; lastKnownFileType = sourcecode.swift; path = ModuleBuilder.swift; sourceTree = "<group>"; };
		582EF0132B2C890000AE804D /* ModuleRouter.swift */ = {isa = PBXFileReference; fileEncoding = 4; lastKnownFileType = sourcecode.swift; path = ModuleRouter.swift; sourceTree = "<group>"; };
		582EF0142B2C890000AE804D /* Router.swift */ = {isa = PBXFileReference; fileEncoding = 4; lastKnownFileType = sourcecode.swift; path = Router.swift; sourceTree = "<group>"; };
		582EF01B2B2C893500AE804D /* RootModuleBuilder.swift */ = {isa = PBXFileReference; fileEncoding = 4; lastKnownFileType = sourcecode.swift; path = RootModuleBuilder.swift; sourceTree = "<group>"; };
		582EF01D2B2C893500AE804D /* RootModuleProtocol.swift */ = {isa = PBXFileReference; fileEncoding = 4; lastKnownFileType = sourcecode.swift; path = RootModuleProtocol.swift; sourceTree = "<group>"; };
		582EF01E2B2C893500AE804D /* RootModuleDelegateProtocol.swift */ = {isa = PBXFileReference; fileEncoding = 4; lastKnownFileType = sourcecode.swift; path = RootModuleDelegateProtocol.swift; sourceTree = "<group>"; };
		582EF0222B2C893500AE804D /* RootModulePresenter+RootModulePresenterProtocol.swift */ = {isa = PBXFileReference; fileEncoding = 4; lastKnownFileType = sourcecode.swift; path = "RootModulePresenter+RootModulePresenterProtocol.swift"; sourceTree = "<group>"; };
		582EF0232B2C893500AE804D /* RootModulePresenter+RootModuleProtocol.swift */ = {isa = PBXFileReference; fileEncoding = 4; lastKnownFileType = sourcecode.swift; path = "RootModulePresenter+RootModuleProtocol.swift"; sourceTree = "<group>"; };
		582EF0252B2C893500AE804D /* RootModulePresenter.swift */ = {isa = PBXFileReference; fileEncoding = 4; lastKnownFileType = sourcecode.swift; path = RootModulePresenter.swift; sourceTree = "<group>"; };
		582EF0272B2C893500AE804D /* RootModulePresenterProtocol.swift */ = {isa = PBXFileReference; fileEncoding = 4; lastKnownFileType = sourcecode.swift; path = RootModulePresenterProtocol.swift; sourceTree = "<group>"; };
		582EF0292B2C893500AE804D /* RootModuleDependenciesProtocol.swift */ = {isa = PBXFileReference; fileEncoding = 4; lastKnownFileType = sourcecode.swift; path = RootModuleDependenciesProtocol.swift; sourceTree = "<group>"; };
		582EF02A2B2C893500AE804D /* RootModuleDependencies.swift */ = {isa = PBXFileReference; fileEncoding = 4; lastKnownFileType = sourcecode.swift; path = RootModuleDependencies.swift; sourceTree = "<group>"; };
		582EF02E2B2C893500AE804D /* RootModuleView+RootModuleViewProtocol.swift */ = {isa = PBXFileReference; fileEncoding = 4; lastKnownFileType = sourcecode.swift; path = "RootModuleView+RootModuleViewProtocol.swift"; sourceTree = "<group>"; };
		582EF0302B2C893500AE804D /* RootModuleView.swift */ = {isa = PBXFileReference; fileEncoding = 4; lastKnownFileType = sourcecode.swift; path = RootModuleView.swift; sourceTree = "<group>"; };
		582EF0322B2C893500AE804D /* RootModuleViewProtocol.swift */ = {isa = PBXFileReference; fileEncoding = 4; lastKnownFileType = sourcecode.swift; path = RootModuleViewProtocol.swift; sourceTree = "<group>"; };
		582EF0362B2C893500AE804D /* RootModuleInteractor+RootModuleInteractorProtocol.swift */ = {isa = PBXFileReference; fileEncoding = 4; lastKnownFileType = sourcecode.swift; path = "RootModuleInteractor+RootModuleInteractorProtocol.swift"; sourceTree = "<group>"; };
		582EF0382B2C893500AE804D /* RootModuleInteractor.swift */ = {isa = PBXFileReference; fileEncoding = 4; lastKnownFileType = sourcecode.swift; path = RootModuleInteractor.swift; sourceTree = "<group>"; };
		582EF03A2B2C893500AE804D /* RootModuleInteractorProtocol.swift */ = {isa = PBXFileReference; fileEncoding = 4; lastKnownFileType = sourcecode.swift; path = RootModuleInteractorProtocol.swift; sourceTree = "<group>"; };
		582EF03E2B2C893500AE804D /* RootModuleRouter+RootModuleRouterProtocol.swift */ = {isa = PBXFileReference; fileEncoding = 4; lastKnownFileType = sourcecode.swift; path = "RootModuleRouter+RootModuleRouterProtocol.swift"; sourceTree = "<group>"; };
		582EF0402B2C893500AE804D /* RootModuleRouter.swift */ = {isa = PBXFileReference; fileEncoding = 4; lastKnownFileType = sourcecode.swift; path = RootModuleRouter.swift; sourceTree = "<group>"; };
		582EF0422B2C893500AE804D /* RootModuleRouterProtocol.swift */ = {isa = PBXFileReference; fileEncoding = 4; lastKnownFileType = sourcecode.swift; path = RootModuleRouterProtocol.swift; sourceTree = "<group>"; };
		582EF05C2B2C8C0F00AE804D /* CameraModuleBuilder.swift */ = {isa = PBXFileReference; fileEncoding = 4; lastKnownFileType = sourcecode.swift; path = CameraModuleBuilder.swift; sourceTree = "<group>"; };
		582EF05E2B2C8C0F00AE804D /* CameraModuleProtocol.swift */ = {isa = PBXFileReference; fileEncoding = 4; lastKnownFileType = sourcecode.swift; path = CameraModuleProtocol.swift; sourceTree = "<group>"; };
		582EF05F2B2C8C0F00AE804D /* CameraModuleDelegateProtocol.swift */ = {isa = PBXFileReference; fileEncoding = 4; lastKnownFileType = sourcecode.swift; path = CameraModuleDelegateProtocol.swift; sourceTree = "<group>"; };
		582EF0632B2C8C0F00AE804D /* CameraModulePresenter+CameraModuleProtocol.swift */ = {isa = PBXFileReference; fileEncoding = 4; lastKnownFileType = sourcecode.swift; path = "CameraModulePresenter+CameraModuleProtocol.swift"; sourceTree = "<group>"; };
		582EF0642B2C8C0F00AE804D /* CameraModulePresenter+CameraModulePresenterProtocol.swift */ = {isa = PBXFileReference; fileEncoding = 4; lastKnownFileType = sourcecode.swift; path = "CameraModulePresenter+CameraModulePresenterProtocol.swift"; sourceTree = "<group>"; };
		582EF0662B2C8C0F00AE804D /* CameraModulePresenter.swift */ = {isa = PBXFileReference; fileEncoding = 4; lastKnownFileType = sourcecode.swift; path = CameraModulePresenter.swift; sourceTree = "<group>"; };
		582EF0682B2C8C0F00AE804D /* CameraModulePresenterProtocol.swift */ = {isa = PBXFileReference; fileEncoding = 4; lastKnownFileType = sourcecode.swift; path = CameraModulePresenterProtocol.swift; sourceTree = "<group>"; };
		582EF06A2B2C8C0F00AE804D /* CameraModuleDependenciesContainer.swift */ = {isa = PBXFileReference; fileEncoding = 4; lastKnownFileType = sourcecode.swift; path = CameraModuleDependenciesContainer.swift; sourceTree = "<group>"; };
		582EF06B2B2C8C0F00AE804D /* CameraModuleDependenciesProtocol.swift */ = {isa = PBXFileReference; fileEncoding = 4; lastKnownFileType = sourcecode.swift; path = CameraModuleDependenciesProtocol.swift; sourceTree = "<group>"; };
		582EF0702B2C8C0F00AE804D /* CameraModuleView+SetupActions.swift */ = {isa = PBXFileReference; fileEncoding = 4; lastKnownFileType = sourcecode.swift; path = "CameraModuleView+SetupActions.swift"; sourceTree = "<group>"; };
		582EF0712B2C8C0F00AE804D /* CameraModuleView+SetupLayout.swift */ = {isa = PBXFileReference; fileEncoding = 4; lastKnownFileType = sourcecode.swift; path = "CameraModuleView+SetupLayout.swift"; sourceTree = "<group>"; };
		582EF0722B2C8C0F00AE804D /* CameraModuleView+CameraModuleViewProtocol.swift */ = {isa = PBXFileReference; fileEncoding = 4; lastKnownFileType = sourcecode.swift; path = "CameraModuleView+CameraModuleViewProtocol.swift"; sourceTree = "<group>"; };
		582EF0732B2C8C0F00AE804D /* CameraModuleView+SetupViews.swift */ = {isa = PBXFileReference; fileEncoding = 4; lastKnownFileType = sourcecode.swift; path = "CameraModuleView+SetupViews.swift"; sourceTree = "<group>"; };
		582EF0752B2C8C0F00AE804D /* CameraModuleView.swift */ = {isa = PBXFileReference; fileEncoding = 4; lastKnownFileType = sourcecode.swift; path = CameraModuleView.swift; sourceTree = "<group>"; };
		582EF0772B2C8C0F00AE804D /* CameraModuleViewProtocol.swift */ = {isa = PBXFileReference; fileEncoding = 4; lastKnownFileType = sourcecode.swift; path = CameraModuleViewProtocol.swift; sourceTree = "<group>"; };
		582EF07B2B2C8C0F00AE804D /* CameraModuleInteractor+CameraModuleInteractorProtocol.swift */ = {isa = PBXFileReference; fileEncoding = 4; lastKnownFileType = sourcecode.swift; path = "CameraModuleInteractor+CameraModuleInteractorProtocol.swift"; sourceTree = "<group>"; };
		582EF07D2B2C8C0F00AE804D /* CameraModuleInteractor.swift */ = {isa = PBXFileReference; fileEncoding = 4; lastKnownFileType = sourcecode.swift; path = CameraModuleInteractor.swift; sourceTree = "<group>"; };
		582EF07F2B2C8C0F00AE804D /* CameraModuleInteractorProtocol.swift */ = {isa = PBXFileReference; fileEncoding = 4; lastKnownFileType = sourcecode.swift; path = CameraModuleInteractorProtocol.swift; sourceTree = "<group>"; };
		582EF0832B2C8C0F00AE804D /* CameraModuleRouter+CameraModuleRouterProtocol.swift */ = {isa = PBXFileReference; fileEncoding = 4; lastKnownFileType = sourcecode.swift; path = "CameraModuleRouter+CameraModuleRouterProtocol.swift"; sourceTree = "<group>"; };
		582EF0852B2C8C0F00AE804D /* CameraModuleRouter.swift */ = {isa = PBXFileReference; fileEncoding = 4; lastKnownFileType = sourcecode.swift; path = CameraModuleRouter.swift; sourceTree = "<group>"; };
		582EF0872B2C8C0F00AE804D /* CameraModuleRouterProtocol.swift */ = {isa = PBXFileReference; fileEncoding = 4; lastKnownFileType = sourcecode.swift; path = CameraModuleRouterProtocol.swift; sourceTree = "<group>"; };
		582EF0A22B2C91D600AE804D /* CameraServiceProtocol.swift */ = {isa = PBXFileReference; lastKnownFileType = sourcecode.swift; path = CameraServiceProtocol.swift; sourceTree = "<group>"; };
		582EF0A62B2C91F000AE804D /* CameraService.swift */ = {isa = PBXFileReference; lastKnownFileType = sourcecode.swift; path = CameraService.swift; sourceTree = "<group>"; };
		582EF0A82B2C920000AE804D /* CameraService+CameraServiceProtocol.swift */ = {isa = PBXFileReference; lastKnownFileType = sourcecode.swift; path = "CameraService+CameraServiceProtocol.swift"; sourceTree = "<group>"; };
		582EF0AA2B2C945200AE804D /* CameraService+Error.swift */ = {isa = PBXFileReference; lastKnownFileType = sourcecode.swift; path = "CameraService+Error.swift"; sourceTree = "<group>"; };
		582EF0AC2B2C956A00AE804D /* CameraService+Output.swift */ = {isa = PBXFileReference; lastKnownFileType = sourcecode.swift; path = "CameraService+Output.swift"; sourceTree = "<group>"; };
		582EF0AE2B2C970000AE804D /* CameraServiceDelegateProtocol.swift */ = {isa = PBXFileReference; lastKnownFileType = sourcecode.swift; path = CameraServiceDelegateProtocol.swift; sourceTree = "<group>"; };
		582EF0B02B2C987D00AE804D /* CameraService+Setup.swift */ = {isa = PBXFileReference; lastKnownFileType = sourcecode.swift; path = "CameraService+Setup.swift"; sourceTree = "<group>"; };
		582EF0B42B2C9BDB00AE804D /* Container+TryResolve.swift */ = {isa = PBXFileReference; fileEncoding = 4; lastKnownFileType = sourcecode.swift; path = "Container+TryResolve.swift"; sourceTree = "<group>"; };
		58B648522B2C86E30080B8F9 /* LiveVideoEditor.app */ = {isa = PBXFileReference; explicitFileType = wrapper.application; includeInIndex = 0; path = LiveVideoEditor.app; sourceTree = BUILT_PRODUCTS_DIR; };
		58B648552B2C86E30080B8F9 /* AppDelegate.swift */ = {isa = PBXFileReference; lastKnownFileType = sourcecode.swift; path = AppDelegate.swift; sourceTree = "<group>"; };
		58B6485E2B2C86E60080B8F9 /* Assets.xcassets */ = {isa = PBXFileReference; lastKnownFileType = folder.assetcatalog; path = Assets.xcassets; sourceTree = "<group>"; };
		58B648612B2C86E60080B8F9 /* Base */ = {isa = PBXFileReference; lastKnownFileType = file.storyboard; name = Base; path = Base.lproj/LaunchScreen.storyboard; sourceTree = "<group>"; };
		58B648632B2C86E60080B8F9 /* Info.plist */ = {isa = PBXFileReference; lastKnownFileType = text.plist.xml; path = Info.plist; sourceTree = "<group>"; };
/* End PBXFileReference section */

/* Begin PBXFrameworksBuildPhase section */
		58B6484F2B2C86E30080B8F9 /* Frameworks */ = {
			isa = PBXFrameworksBuildPhase;
			buildActionMask = 2147483647;
			files = (
				582EF00B2B2C88A600AE804D /* Swinject in Frameworks */,
			);
			runOnlyForDeploymentPostprocessing = 0;
		};
/* End PBXFrameworksBuildPhase section */

/* Begin PBXGroup section */
		582EF0022B2C872C00AE804D /* Sources */ = {
			isa = PBXGroup;
			children = (
				582EF0032B2C874900AE804D /* Application */,
				582EF00E2B2C88F000AE804D /* Modules */,
				582EF09E2B2C919A00AE804D /* Services */,
				582EF0B22B2C9BDB00AE804D /* Extensions */,
			);
			path = Sources;
			sourceTree = "<group>";
		};
		582EF0032B2C874900AE804D /* Application */ = {
			isa = PBXGroup;
			children = (
				58B648552B2C86E30080B8F9 /* AppDelegate.swift */,
			);
			path = Application;
			sourceTree = "<group>";
		};
		582EF0042B2C875B00AE804D /* Resources */ = {
			isa = PBXGroup;
			children = (
				582EF0062B2C876800AE804D /* InterfaceBuilder */,
				582EF0052B2C876000AE804D /* Graphics */,
			);
			name = Resources;
			sourceTree = "<group>";
		};
		582EF0052B2C876000AE804D /* Graphics */ = {
			isa = PBXGroup;
			children = (
				58B6485E2B2C86E60080B8F9 /* Assets.xcassets */,
			);
			name = Graphics;
			sourceTree = "<group>";
		};
		582EF0062B2C876800AE804D /* InterfaceBuilder */ = {
			isa = PBXGroup;
			children = (
				58B648602B2C86E60080B8F9 /* LaunchScreen.storyboard */,
			);
			name = InterfaceBuilder;
			sourceTree = "<group>";
		};
		582EF0072B2C877400AE804D /* Supportings */ = {
			isa = PBXGroup;
			children = (
				58B648632B2C86E60080B8F9 /* Info.plist */,
			);
			path = Supportings;
			sourceTree = "<group>";
		};
		582EF00E2B2C88F000AE804D /* Modules */ = {
			isa = PBXGroup;
			children = (
				582EF00F2B2C890000AE804D /* Abstract */,
				582EF0182B2C893500AE804D /* Root */,
				582EF0592B2C8C0F00AE804D /* Camera */,
			);
			path = Modules;
			sourceTree = "<group>";
		};
		582EF00F2B2C890000AE804D /* Abstract */ = {
			isa = PBXGroup;
			children = (
				582EF0102B2C890000AE804D /* Builder */,
				582EF0122B2C890000AE804D /* Router */,
			);
			path = Abstract;
			sourceTree = "<group>";
		};
		582EF0102B2C890000AE804D /* Builder */ = {
			isa = PBXGroup;
			children = (
				582EF0112B2C890000AE804D /* ModuleBuilder.swift */,
			);
			path = Builder;
			sourceTree = "<group>";
		};
		582EF0122B2C890000AE804D /* Router */ = {
			isa = PBXGroup;
			children = (
				582EF0142B2C890000AE804D /* Router.swift */,
				582EF0132B2C890000AE804D /* ModuleRouter.swift */,
			);
			path = Router;
			sourceTree = "<group>";
		};
		582EF0182B2C893500AE804D /* Root */ = {
			isa = PBXGroup;
			children = (
				582EF0192B2C893500AE804D /* Module */,
				582EF0282B2C893500AE804D /* Dependencies */,
				582EF0332B2C893500AE804D /* Interactor */,
				582EF01F2B2C893500AE804D /* Presenter */,
				582EF02B2B2C893500AE804D /* View */,
				582EF03B2B2C893500AE804D /* Router */,
			);
			path = Root;
			sourceTree = "<group>";
		};
		582EF0192B2C893500AE804D /* Module */ = {
			isa = PBXGroup;
			children = (
				582EF01C2B2C893500AE804D /* Protocols */,
				582EF01A2B2C893500AE804D /* Builder */,
			);
			path = Module;
			sourceTree = "<group>";
		};
		582EF01A2B2C893500AE804D /* Builder */ = {
			isa = PBXGroup;
			children = (
				582EF01B2B2C893500AE804D /* RootModuleBuilder.swift */,
			);
			path = Builder;
			sourceTree = "<group>";
		};
		582EF01C2B2C893500AE804D /* Protocols */ = {
			isa = PBXGroup;
			children = (
				582EF01D2B2C893500AE804D /* RootModuleProtocol.swift */,
				582EF01E2B2C893500AE804D /* RootModuleDelegateProtocol.swift */,
			);
			path = Protocols;
			sourceTree = "<group>";
		};
		582EF01F2B2C893500AE804D /* Presenter */ = {
			isa = PBXGroup;
			children = (
				582EF0262B2C893500AE804D /* Protocols */,
				582EF0202B2C893500AE804D /* Implementation */,
			);
			path = Presenter;
			sourceTree = "<group>";
		};
		582EF0202B2C893500AE804D /* Implementation */ = {
			isa = PBXGroup;
			children = (
				582EF0242B2C893500AE804D /* Prime */,
				582EF0212B2C893500AE804D /* Extensions */,
			);
			path = Implementation;
			sourceTree = "<group>";
		};
		582EF0212B2C893500AE804D /* Extensions */ = {
			isa = PBXGroup;
			children = (
				582EF0222B2C893500AE804D /* RootModulePresenter+RootModulePresenterProtocol.swift */,
				582EF0232B2C893500AE804D /* RootModulePresenter+RootModuleProtocol.swift */,
			);
			path = Extensions;
			sourceTree = "<group>";
		};
		582EF0242B2C893500AE804D /* Prime */ = {
			isa = PBXGroup;
			children = (
				582EF0252B2C893500AE804D /* RootModulePresenter.swift */,
			);
			path = Prime;
			sourceTree = "<group>";
		};
		582EF0262B2C893500AE804D /* Protocols */ = {
			isa = PBXGroup;
			children = (
				582EF0272B2C893500AE804D /* RootModulePresenterProtocol.swift */,
			);
			path = Protocols;
			sourceTree = "<group>";
		};
		582EF0282B2C893500AE804D /* Dependencies */ = {
			isa = PBXGroup;
			children = (
				582EF0292B2C893500AE804D /* RootModuleDependenciesProtocol.swift */,
				582EF02A2B2C893500AE804D /* RootModuleDependencies.swift */,
			);
			path = Dependencies;
			sourceTree = "<group>";
		};
		582EF02B2B2C893500AE804D /* View */ = {
			isa = PBXGroup;
			children = (
				582EF0312B2C893500AE804D /* Protocols */,
				582EF02C2B2C893500AE804D /* Implementation */,
			);
			path = View;
			sourceTree = "<group>";
		};
		582EF02C2B2C893500AE804D /* Implementation */ = {
			isa = PBXGroup;
			children = (
				582EF02F2B2C893500AE804D /* Prime */,
				582EF02D2B2C893500AE804D /* Extensions */,
			);
			path = Implementation;
			sourceTree = "<group>";
		};
		582EF02D2B2C893500AE804D /* Extensions */ = {
			isa = PBXGroup;
			children = (
				582EF02E2B2C893500AE804D /* RootModuleView+RootModuleViewProtocol.swift */,
			);
			path = Extensions;
			sourceTree = "<group>";
		};
		582EF02F2B2C893500AE804D /* Prime */ = {
			isa = PBXGroup;
			children = (
				582EF0302B2C893500AE804D /* RootModuleView.swift */,
			);
			path = Prime;
			sourceTree = "<group>";
		};
		582EF0312B2C893500AE804D /* Protocols */ = {
			isa = PBXGroup;
			children = (
				582EF0322B2C893500AE804D /* RootModuleViewProtocol.swift */,
			);
			path = Protocols;
			sourceTree = "<group>";
		};
		582EF0332B2C893500AE804D /* Interactor */ = {
			isa = PBXGroup;
			children = (
				582EF0392B2C893500AE804D /* Protocols */,
				582EF0342B2C893500AE804D /* Implementation */,
			);
			path = Interactor;
			sourceTree = "<group>";
		};
		582EF0342B2C893500AE804D /* Implementation */ = {
			isa = PBXGroup;
			children = (
				582EF0372B2C893500AE804D /* Prime */,
				582EF0352B2C893500AE804D /* Extensions */,
			);
			path = Implementation;
			sourceTree = "<group>";
		};
		582EF0352B2C893500AE804D /* Extensions */ = {
			isa = PBXGroup;
			children = (
				582EF0362B2C893500AE804D /* RootModuleInteractor+RootModuleInteractorProtocol.swift */,
			);
			path = Extensions;
			sourceTree = "<group>";
		};
		582EF0372B2C893500AE804D /* Prime */ = {
			isa = PBXGroup;
			children = (
				582EF0382B2C893500AE804D /* RootModuleInteractor.swift */,
			);
			path = Prime;
			sourceTree = "<group>";
		};
		582EF0392B2C893500AE804D /* Protocols */ = {
			isa = PBXGroup;
			children = (
				582EF03A2B2C893500AE804D /* RootModuleInteractorProtocol.swift */,
			);
			path = Protocols;
			sourceTree = "<group>";
		};
		582EF03B2B2C893500AE804D /* Router */ = {
			isa = PBXGroup;
			children = (
				582EF0412B2C893500AE804D /* Protocols */,
				582EF03C2B2C893500AE804D /* Implementation */,
			);
			path = Router;
			sourceTree = "<group>";
		};
		582EF03C2B2C893500AE804D /* Implementation */ = {
			isa = PBXGroup;
			children = (
				582EF03F2B2C893500AE804D /* Prime */,
				582EF03D2B2C893500AE804D /* Extensions */,
			);
			path = Implementation;
			sourceTree = "<group>";
		};
		582EF03D2B2C893500AE804D /* Extensions */ = {
			isa = PBXGroup;
			children = (
				582EF03E2B2C893500AE804D /* RootModuleRouter+RootModuleRouterProtocol.swift */,
			);
			path = Extensions;
			sourceTree = "<group>";
		};
		582EF03F2B2C893500AE804D /* Prime */ = {
			isa = PBXGroup;
			children = (
				582EF0402B2C893500AE804D /* RootModuleRouter.swift */,
			);
			path = Prime;
			sourceTree = "<group>";
		};
		582EF0412B2C893500AE804D /* Protocols */ = {
			isa = PBXGroup;
			children = (
				582EF0422B2C893500AE804D /* RootModuleRouterProtocol.swift */,
			);
			path = Protocols;
			sourceTree = "<group>";
		};
		582EF0592B2C8C0F00AE804D /* Camera */ = {
			isa = PBXGroup;
			children = (
				582EF05A2B2C8C0F00AE804D /* Module */,
				582EF0692B2C8C0F00AE804D /* Dependencies */,
				582EF0782B2C8C0F00AE804D /* Interactor */,
				582EF0602B2C8C0F00AE804D /* Presenter */,
				582EF06C2B2C8C0F00AE804D /* View */,
				582EF0802B2C8C0F00AE804D /* Router */,
			);
			path = Camera;
			sourceTree = "<group>";
		};
		582EF05A2B2C8C0F00AE804D /* Module */ = {
			isa = PBXGroup;
			children = (
				582EF05D2B2C8C0F00AE804D /* Protocols */,
				582EF05B2B2C8C0F00AE804D /* Builder */,
			);
			path = Module;
			sourceTree = "<group>";
		};
		582EF05B2B2C8C0F00AE804D /* Builder */ = {
			isa = PBXGroup;
			children = (
				582EF05C2B2C8C0F00AE804D /* CameraModuleBuilder.swift */,
			);
			path = Builder;
			sourceTree = "<group>";
		};
		582EF05D2B2C8C0F00AE804D /* Protocols */ = {
			isa = PBXGroup;
			children = (
				582EF05E2B2C8C0F00AE804D /* CameraModuleProtocol.swift */,
				582EF05F2B2C8C0F00AE804D /* CameraModuleDelegateProtocol.swift */,
			);
			path = Protocols;
			sourceTree = "<group>";
		};
		582EF0602B2C8C0F00AE804D /* Presenter */ = {
			isa = PBXGroup;
			children = (
				582EF0672B2C8C0F00AE804D /* Protocols */,
				582EF0612B2C8C0F00AE804D /* Implementation */,
			);
			path = Presenter;
			sourceTree = "<group>";
		};
		582EF0612B2C8C0F00AE804D /* Implementation */ = {
			isa = PBXGroup;
			children = (
				582EF0652B2C8C0F00AE804D /* Prime */,
				582EF0622B2C8C0F00AE804D /* Extensions */,
			);
			path = Implementation;
			sourceTree = "<group>";
		};
		582EF0622B2C8C0F00AE804D /* Extensions */ = {
			isa = PBXGroup;
			children = (
				582EF0642B2C8C0F00AE804D /* CameraModulePresenter+CameraModulePresenterProtocol.swift */,
				582EF0632B2C8C0F00AE804D /* CameraModulePresenter+CameraModuleProtocol.swift */,
			);
			path = Extensions;
			sourceTree = "<group>";
		};
		582EF0652B2C8C0F00AE804D /* Prime */ = {
			isa = PBXGroup;
			children = (
				582EF0662B2C8C0F00AE804D /* CameraModulePresenter.swift */,
			);
			path = Prime;
			sourceTree = "<group>";
		};
		582EF0672B2C8C0F00AE804D /* Protocols */ = {
			isa = PBXGroup;
			children = (
				582EF0682B2C8C0F00AE804D /* CameraModulePresenterProtocol.swift */,
			);
			path = Protocols;
			sourceTree = "<group>";
		};
		582EF0692B2C8C0F00AE804D /* Dependencies */ = {
			isa = PBXGroup;
			children = (
				582EF06B2B2C8C0F00AE804D /* CameraModuleDependenciesProtocol.swift */,
				582EF06A2B2C8C0F00AE804D /* CameraModuleDependenciesContainer.swift */,
			);
			path = Dependencies;
			sourceTree = "<group>";
		};
		582EF06C2B2C8C0F00AE804D /* View */ = {
			isa = PBXGroup;
			children = (
				582EF0762B2C8C0F00AE804D /* Protocols */,
				582EF06D2B2C8C0F00AE804D /* Implementation */,
			);
			path = View;
			sourceTree = "<group>";
		};
		582EF06D2B2C8C0F00AE804D /* Implementation */ = {
			isa = PBXGroup;
			children = (
				582EF0742B2C8C0F00AE804D /* Prime */,
				582EF06E2B2C8C0F00AE804D /* Extensions */,
			);
			path = Implementation;
			sourceTree = "<group>";
		};
		582EF06E2B2C8C0F00AE804D /* Extensions */ = {
			isa = PBXGroup;
			children = (
				582EF0722B2C8C0F00AE804D /* CameraModuleView+CameraModuleViewProtocol.swift */,
				582EF0732B2C8C0F00AE804D /* CameraModuleView+SetupViews.swift */,
				582EF0712B2C8C0F00AE804D /* CameraModuleView+SetupLayout.swift */,
				582EF0702B2C8C0F00AE804D /* CameraModuleView+SetupActions.swift */,
			);
			path = Extensions;
			sourceTree = "<group>";
		};
		582EF0742B2C8C0F00AE804D /* Prime */ = {
			isa = PBXGroup;
			children = (
				582EF0752B2C8C0F00AE804D /* CameraModuleView.swift */,
			);
			path = Prime;
			sourceTree = "<group>";
		};
		582EF0762B2C8C0F00AE804D /* Protocols */ = {
			isa = PBXGroup;
			children = (
				582EF0772B2C8C0F00AE804D /* CameraModuleViewProtocol.swift */,
			);
			path = Protocols;
			sourceTree = "<group>";
		};
		582EF0782B2C8C0F00AE804D /* Interactor */ = {
			isa = PBXGroup;
			children = (
				582EF07E2B2C8C0F00AE804D /* Protocols */,
				582EF0792B2C8C0F00AE804D /* Implementation */,
			);
			path = Interactor;
			sourceTree = "<group>";
		};
		582EF0792B2C8C0F00AE804D /* Implementation */ = {
			isa = PBXGroup;
			children = (
				582EF07C2B2C8C0F00AE804D /* Prime */,
				582EF07A2B2C8C0F00AE804D /* Extensions */,
			);
			path = Implementation;
			sourceTree = "<group>";
		};
		582EF07A2B2C8C0F00AE804D /* Extensions */ = {
			isa = PBXGroup;
			children = (
				582EF07B2B2C8C0F00AE804D /* CameraModuleInteractor+CameraModuleInteractorProtocol.swift */,
			);
			path = Extensions;
			sourceTree = "<group>";
		};
		582EF07C2B2C8C0F00AE804D /* Prime */ = {
			isa = PBXGroup;
			children = (
				582EF07D2B2C8C0F00AE804D /* CameraModuleInteractor.swift */,
			);
			path = Prime;
			sourceTree = "<group>";
		};
		582EF07E2B2C8C0F00AE804D /* Protocols */ = {
			isa = PBXGroup;
			children = (
				582EF07F2B2C8C0F00AE804D /* CameraModuleInteractorProtocol.swift */,
			);
			path = Protocols;
			sourceTree = "<group>";
		};
		582EF0802B2C8C0F00AE804D /* Router */ = {
			isa = PBXGroup;
			children = (
				582EF0862B2C8C0F00AE804D /* Protocols */,
				582EF0812B2C8C0F00AE804D /* Implementation */,
			);
			path = Router;
			sourceTree = "<group>";
		};
		582EF0812B2C8C0F00AE804D /* Implementation */ = {
			isa = PBXGroup;
			children = (
				582EF0842B2C8C0F00AE804D /* Prime */,
				582EF0822B2C8C0F00AE804D /* Extensions */,
			);
			path = Implementation;
			sourceTree = "<group>";
		};
		582EF0822B2C8C0F00AE804D /* Extensions */ = {
			isa = PBXGroup;
			children = (
				582EF0832B2C8C0F00AE804D /* CameraModuleRouter+CameraModuleRouterProtocol.swift */,
			);
			path = Extensions;
			sourceTree = "<group>";
		};
		582EF0842B2C8C0F00AE804D /* Prime */ = {
			isa = PBXGroup;
			children = (
				582EF0852B2C8C0F00AE804D /* CameraModuleRouter.swift */,
			);
			path = Prime;
			sourceTree = "<group>";
		};
		582EF0862B2C8C0F00AE804D /* Protocols */ = {
			isa = PBXGroup;
			children = (
				582EF0872B2C8C0F00AE804D /* CameraModuleRouterProtocol.swift */,
			);
			path = Protocols;
			sourceTree = "<group>";
		};
		582EF09E2B2C919A00AE804D /* Services */ = {
			isa = PBXGroup;
			children = (
				582EF09F2B2C91BC00AE804D /* Camera */,
			);
			path = Services;
			sourceTree = "<group>";
		};
		582EF09F2B2C91BC00AE804D /* Camera */ = {
			isa = PBXGroup;
			children = (
				582EF0A12B2C91CC00AE804D /* Protocols */,
				582EF0A02B2C91C600AE804D /* Implementation */,
			);
			path = Camera;
			sourceTree = "<group>";
		};
		582EF0A02B2C91C600AE804D /* Implementation */ = {
			isa = PBXGroup;
			children = (
				582EF0A52B2C91E700AE804D /* Prime */,
				582EF0A42B2C91E300AE804D /* Extensions */,
			);
			path = Implementation;
			sourceTree = "<group>";
		};
		582EF0A12B2C91CC00AE804D /* Protocols */ = {
			isa = PBXGroup;
			children = (
				582EF0A22B2C91D600AE804D /* CameraServiceProtocol.swift */,
				582EF0AE2B2C970000AE804D /* CameraServiceDelegateProtocol.swift */,
			);
			path = Protocols;
			sourceTree = "<group>";
		};
		582EF0A42B2C91E300AE804D /* Extensions */ = {
			isa = PBXGroup;
			children = (
				582EF0A82B2C920000AE804D /* CameraService+CameraServiceProtocol.swift */,
				582EF0AC2B2C956A00AE804D /* CameraService+Output.swift */,
				582EF0B02B2C987D00AE804D /* CameraService+Setup.swift */,
				582EF0AA2B2C945200AE804D /* CameraService+Error.swift */,
			);
			path = Extensions;
			sourceTree = "<group>";
		};
		582EF0A52B2C91E700AE804D /* Prime */ = {
			isa = PBXGroup;
			children = (
				582EF0A62B2C91F000AE804D /* CameraService.swift */,
			);
			path = Prime;
			sourceTree = "<group>";
		};
		582EF0B22B2C9BDB00AE804D /* Extensions */ = {
			isa = PBXGroup;
			children = (
				582EF0B32B2C9BDB00AE804D /* Swinject */,
			);
			path = Extensions;
			sourceTree = "<group>";
		};
		582EF0B32B2C9BDB00AE804D /* Swinject */ = {
			isa = PBXGroup;
			children = (
				582EF0B42B2C9BDB00AE804D /* Container+TryResolve.swift */,
			);
			path = Swinject;
			sourceTree = "<group>";
		};
		58B648492B2C86E30080B8F9 = {
			isa = PBXGroup;
			children = (
				58B648542B2C86E30080B8F9 /* LiveVideoEditor */,
				58B648532B2C86E30080B8F9 /* Products */,
			);
			sourceTree = "<group>";
		};
		58B648532B2C86E30080B8F9 /* Products */ = {
			isa = PBXGroup;
			children = (
				58B648522B2C86E30080B8F9 /* LiveVideoEditor.app */,
			);
			name = Products;
			sourceTree = "<group>";
		};
		58B648542B2C86E30080B8F9 /* LiveVideoEditor */ = {
			isa = PBXGroup;
			children = (
				582EF0022B2C872C00AE804D /* Sources */,
				582EF0042B2C875B00AE804D /* Resources */,
				582EF0072B2C877400AE804D /* Supportings */,
			);
			path = LiveVideoEditor;
			sourceTree = "<group>";
		};
/* End PBXGroup section */

/* Begin PBXNativeTarget section */
		58B648512B2C86E30080B8F9 /* LiveVideoEditor */ = {
			isa = PBXNativeTarget;
			buildConfigurationList = 58B648662B2C86E60080B8F9 /* Build configuration list for PBXNativeTarget "LiveVideoEditor" */;
			buildPhases = (
				58B6484E2B2C86E30080B8F9 /* Sources */,
				58B6484F2B2C86E30080B8F9 /* Frameworks */,
				58B648502B2C86E30080B8F9 /* Resources */,
			);
			buildRules = (
			);
			dependencies = (
			);
			name = LiveVideoEditor;
			packageProductDependencies = (
				582EF00A2B2C88A600AE804D /* Swinject */,
			);
			productName = LiveVideoEditor;
			productReference = 58B648522B2C86E30080B8F9 /* LiveVideoEditor.app */;
			productType = "com.apple.product-type.application";
		};
/* End PBXNativeTarget section */

/* Begin PBXProject section */
		58B6484A2B2C86E30080B8F9 /* Project object */ = {
			isa = PBXProject;
			attributes = {
				BuildIndependentTargetsInParallel = 1;
				LastSwiftUpdateCheck = 1500;
				LastUpgradeCheck = 1500;
				TargetAttributes = {
					58B648512B2C86E30080B8F9 = {
						CreatedOnToolsVersion = 15.0.1;
					};
				};
			};
			buildConfigurationList = 58B6484D2B2C86E30080B8F9 /* Build configuration list for PBXProject "LiveVideoEditor" */;
			compatibilityVersion = "Xcode 14.0";
			developmentRegion = en;
			hasScannedForEncodings = 0;
			knownRegions = (
				en,
				Base,
			);
			mainGroup = 58B648492B2C86E30080B8F9;
			packageReferences = (
				582EF0092B2C88A600AE804D /* XCRemoteSwiftPackageReference "Swinject" */,
			);
			productRefGroup = 58B648532B2C86E30080B8F9 /* Products */;
			projectDirPath = "";
			projectRoot = "";
			targets = (
				58B648512B2C86E30080B8F9 /* LiveVideoEditor */,
			);
		};
/* End PBXProject section */

/* Begin PBXResourcesBuildPhase section */
		58B648502B2C86E30080B8F9 /* Resources */ = {
			isa = PBXResourcesBuildPhase;
			buildActionMask = 2147483647;
			files = (
				58B648622B2C86E60080B8F9 /* LaunchScreen.storyboard in Resources */,
				58B6485F2B2C86E60080B8F9 /* Assets.xcassets in Resources */,
			);
			runOnlyForDeploymentPostprocessing = 0;
		};
/* End PBXResourcesBuildPhase section */

/* Begin PBXSourcesBuildPhase section */
		58B6484E2B2C86E30080B8F9 /* Sources */ = {
			isa = PBXSourcesBuildPhase;
			buildActionMask = 2147483647;
			files = (
				582EF0B12B2C987D00AE804D /* CameraService+Setup.swift in Sources */,
				582EF0502B2C893500AE804D /* RootModuleInteractor.swift in Sources */,
				582EF0992B2C8C0F00AE804D /* CameraModuleInteractor.swift in Sources */,
				582EF0902B2C8C0F00AE804D /* CameraModuleDependenciesProtocol.swift in Sources */,
				582EF0522B2C893500AE804D /* RootModuleRouter+RootModuleRouterProtocol.swift in Sources */,
				582EF09C2B2C8C0F00AE804D /* CameraModuleRouter.swift in Sources */,
				582EF0542B2C893500AE804D /* RootModuleRouterProtocol.swift in Sources */,
				582EF0482B2C893500AE804D /* RootModulePresenter.swift in Sources */,
				582EF0AB2B2C945200AE804D /* CameraService+Error.swift in Sources */,
				582EF0472B2C893500AE804D /* RootModulePresenter+RootModuleProtocol.swift in Sources */,
				582EF0922B2C8C0F00AE804D /* CameraModuleView+SetupActions.swift in Sources */,
				582EF09A2B2C8C0F00AE804D /* CameraModuleInteractorProtocol.swift in Sources */,
				582EF0A32B2C91D600AE804D /* CameraServiceProtocol.swift in Sources */,
				582EF04A2B2C893500AE804D /* RootModuleDependenciesProtocol.swift in Sources */,
				582EF0892B2C8C0F00AE804D /* CameraModuleProtocol.swift in Sources */,
				582EF0942B2C8C0F00AE804D /* CameraModuleView+CameraModuleViewProtocol.swift in Sources */,
				582EF04C2B2C893500AE804D /* RootModuleView+RootModuleViewProtocol.swift in Sources */,
				582EF0972B2C8C0F00AE804D /* CameraModuleViewProtocol.swift in Sources */,
				582EF0172B2C890000AE804D /* Router.swift in Sources */,
				582EF08A2B2C8C0F00AE804D /* CameraModuleDelegateProtocol.swift in Sources */,
				582EF08B2B2C8C0F00AE804D /* CameraModulePresenter+CameraModuleProtocol.swift in Sources */,
				582EF0462B2C893500AE804D /* RootModulePresenter+RootModulePresenterProtocol.swift in Sources */,
				582EF0452B2C893500AE804D /* RootModuleDelegateProtocol.swift in Sources */,
				582EF08D2B2C8C0F00AE804D /* CameraModulePresenter.swift in Sources */,
				582EF0442B2C893500AE804D /* RootModuleProtocol.swift in Sources */,
				582EF09D2B2C8C0F00AE804D /* CameraModuleRouterProtocol.swift in Sources */,
				582EF09B2B2C8C0F00AE804D /* CameraModuleRouter+CameraModuleRouterProtocol.swift in Sources */,
				582EF0532B2C893500AE804D /* RootModuleRouter.swift in Sources */,
				582EF0982B2C8C0F00AE804D /* CameraModuleInteractor+CameraModuleInteractorProtocol.swift in Sources */,
				58B648562B2C86E30080B8F9 /* AppDelegate.swift in Sources */,
				582EF0492B2C893500AE804D /* RootModulePresenterProtocol.swift in Sources */,
				582EF04D2B2C893500AE804D /* RootModuleView.swift in Sources */,
				582EF0512B2C893500AE804D /* RootModuleInteractorProtocol.swift in Sources */,
				582EF04B2B2C893500AE804D /* RootModuleDependencies.swift in Sources */,
				582EF0162B2C890000AE804D /* ModuleRouter.swift in Sources */,
				582EF08E2B2C8C0F00AE804D /* CameraModulePresenterProtocol.swift in Sources */,
				582EF08C2B2C8C0F00AE804D /* CameraModulePresenter+CameraModulePresenterProtocol.swift in Sources */,
				582EF0A72B2C91F000AE804D /* CameraService.swift in Sources */,
				582EF04F2B2C893500AE804D /* RootModuleInteractor+RootModuleInteractorProtocol.swift in Sources */,
				582EF0952B2C8C0F00AE804D /* CameraModuleView+SetupViews.swift in Sources */,
				582EF0B52B2C9BDC00AE804D /* Container+TryResolve.swift in Sources */,
				582EF0932B2C8C0F00AE804D /* CameraModuleView+SetupLayout.swift in Sources */,
				582EF0AD2B2C956A00AE804D /* CameraService+Output.swift in Sources */,
				582EF0882B2C8C0F00AE804D /* CameraModuleBuilder.swift in Sources */,
				582EF0AF2B2C970000AE804D /* CameraServiceDelegateProtocol.swift in Sources */,
				582EF0432B2C893500AE804D /* RootModuleBuilder.swift in Sources */,
				582EF0A92B2C920000AE804D /* CameraService+CameraServiceProtocol.swift in Sources */,
				582EF08F2B2C8C0F00AE804D /* CameraModuleDependenciesContainer.swift in Sources */,
				582EF04E2B2C893500AE804D /* RootModuleViewProtocol.swift in Sources */,
				582EF0962B2C8C0F00AE804D /* CameraModuleView.swift in Sources */,
				582EF0152B2C890000AE804D /* ModuleBuilder.swift in Sources */,
			);
			runOnlyForDeploymentPostprocessing = 0;
		};
/* End PBXSourcesBuildPhase section */

/* Begin PBXVariantGroup section */
		58B648602B2C86E60080B8F9 /* LaunchScreen.storyboard */ = {
			isa = PBXVariantGroup;
			children = (
				58B648612B2C86E60080B8F9 /* Base */,
			);
			name = LaunchScreen.storyboard;
			sourceTree = "<group>";
		};
/* End PBXVariantGroup section */

/* Begin XCBuildConfiguration section */
		58B648642B2C86E60080B8F9 /* Debug */ = {
			isa = XCBuildConfiguration;
			buildSettings = {
				ALWAYS_SEARCH_USER_PATHS = NO;
				ASSETCATALOG_COMPILER_GENERATE_SWIFT_ASSET_SYMBOL_EXTENSIONS = YES;
				CLANG_ANALYZER_NONNULL = YES;
				CLANG_ANALYZER_NUMBER_OBJECT_CONVERSION = YES_AGGRESSIVE;
				CLANG_CXX_LANGUAGE_STANDARD = "gnu++20";
				CLANG_ENABLE_MODULES = YES;
				CLANG_ENABLE_OBJC_ARC = YES;
				CLANG_ENABLE_OBJC_WEAK = YES;
				CLANG_WARN_BLOCK_CAPTURE_AUTORELEASING = YES;
				CLANG_WARN_BOOL_CONVERSION = YES;
				CLANG_WARN_COMMA = YES;
				CLANG_WARN_CONSTANT_CONVERSION = YES;
				CLANG_WARN_DEPRECATED_OBJC_IMPLEMENTATIONS = YES;
				CLANG_WARN_DIRECT_OBJC_ISA_USAGE = YES_ERROR;
				CLANG_WARN_DOCUMENTATION_COMMENTS = YES;
				CLANG_WARN_EMPTY_BODY = YES;
				CLANG_WARN_ENUM_CONVERSION = YES;
				CLANG_WARN_INFINITE_RECURSION = YES;
				CLANG_WARN_INT_CONVERSION = YES;
				CLANG_WARN_NON_LITERAL_NULL_CONVERSION = YES;
				CLANG_WARN_OBJC_IMPLICIT_RETAIN_SELF = YES;
				CLANG_WARN_OBJC_LITERAL_CONVERSION = YES;
				CLANG_WARN_OBJC_ROOT_CLASS = YES_ERROR;
				CLANG_WARN_QUOTED_INCLUDE_IN_FRAMEWORK_HEADER = YES;
				CLANG_WARN_RANGE_LOOP_ANALYSIS = YES;
				CLANG_WARN_STRICT_PROTOTYPES = YES;
				CLANG_WARN_SUSPICIOUS_MOVE = YES;
				CLANG_WARN_UNGUARDED_AVAILABILITY = YES_AGGRESSIVE;
				CLANG_WARN_UNREACHABLE_CODE = YES;
				CLANG_WARN__DUPLICATE_METHOD_MATCH = YES;
				COPY_PHASE_STRIP = NO;
				DEBUG_INFORMATION_FORMAT = dwarf;
				ENABLE_STRICT_OBJC_MSGSEND = YES;
				ENABLE_TESTABILITY = YES;
				ENABLE_USER_SCRIPT_SANDBOXING = YES;
				GCC_C_LANGUAGE_STANDARD = gnu17;
				GCC_DYNAMIC_NO_PIC = NO;
				GCC_NO_COMMON_BLOCKS = YES;
				GCC_OPTIMIZATION_LEVEL = 0;
				GCC_PREPROCESSOR_DEFINITIONS = (
					"DEBUG=1",
					"$(inherited)",
				);
				GCC_WARN_64_TO_32_BIT_CONVERSION = YES;
				GCC_WARN_ABOUT_RETURN_TYPE = YES_ERROR;
				GCC_WARN_UNDECLARED_SELECTOR = YES;
				GCC_WARN_UNINITIALIZED_AUTOS = YES_AGGRESSIVE;
				GCC_WARN_UNUSED_FUNCTION = YES;
				GCC_WARN_UNUSED_VARIABLE = YES;
				IPHONEOS_DEPLOYMENT_TARGET = 17.0;
				LOCALIZATION_PREFERS_STRING_CATALOGS = YES;
				MTL_ENABLE_DEBUG_INFO = INCLUDE_SOURCE;
				MTL_FAST_MATH = YES;
				ONLY_ACTIVE_ARCH = YES;
				SDKROOT = iphoneos;
				SWIFT_ACTIVE_COMPILATION_CONDITIONS = "DEBUG $(inherited)";
				SWIFT_OPTIMIZATION_LEVEL = "-Onone";
			};
			name = Debug;
		};
		58B648652B2C86E60080B8F9 /* Release */ = {
			isa = XCBuildConfiguration;
			buildSettings = {
				ALWAYS_SEARCH_USER_PATHS = NO;
				ASSETCATALOG_COMPILER_GENERATE_SWIFT_ASSET_SYMBOL_EXTENSIONS = YES;
				CLANG_ANALYZER_NONNULL = YES;
				CLANG_ANALYZER_NUMBER_OBJECT_CONVERSION = YES_AGGRESSIVE;
				CLANG_CXX_LANGUAGE_STANDARD = "gnu++20";
				CLANG_ENABLE_MODULES = YES;
				CLANG_ENABLE_OBJC_ARC = YES;
				CLANG_ENABLE_OBJC_WEAK = YES;
				CLANG_WARN_BLOCK_CAPTURE_AUTORELEASING = YES;
				CLANG_WARN_BOOL_CONVERSION = YES;
				CLANG_WARN_COMMA = YES;
				CLANG_WARN_CONSTANT_CONVERSION = YES;
				CLANG_WARN_DEPRECATED_OBJC_IMPLEMENTATIONS = YES;
				CLANG_WARN_DIRECT_OBJC_ISA_USAGE = YES_ERROR;
				CLANG_WARN_DOCUMENTATION_COMMENTS = YES;
				CLANG_WARN_EMPTY_BODY = YES;
				CLANG_WARN_ENUM_CONVERSION = YES;
				CLANG_WARN_INFINITE_RECURSION = YES;
				CLANG_WARN_INT_CONVERSION = YES;
				CLANG_WARN_NON_LITERAL_NULL_CONVERSION = YES;
				CLANG_WARN_OBJC_IMPLICIT_RETAIN_SELF = YES;
				CLANG_WARN_OBJC_LITERAL_CONVERSION = YES;
				CLANG_WARN_OBJC_ROOT_CLASS = YES_ERROR;
				CLANG_WARN_QUOTED_INCLUDE_IN_FRAMEWORK_HEADER = YES;
				CLANG_WARN_RANGE_LOOP_ANALYSIS = YES;
				CLANG_WARN_STRICT_PROTOTYPES = YES;
				CLANG_WARN_SUSPICIOUS_MOVE = YES;
				CLANG_WARN_UNGUARDED_AVAILABILITY = YES_AGGRESSIVE;
				CLANG_WARN_UNREACHABLE_CODE = YES;
				CLANG_WARN__DUPLICATE_METHOD_MATCH = YES;
				COPY_PHASE_STRIP = NO;
				DEBUG_INFORMATION_FORMAT = "dwarf-with-dsym";
				ENABLE_NS_ASSERTIONS = NO;
				ENABLE_STRICT_OBJC_MSGSEND = YES;
				ENABLE_USER_SCRIPT_SANDBOXING = YES;
				GCC_C_LANGUAGE_STANDARD = gnu17;
				GCC_NO_COMMON_BLOCKS = YES;
				GCC_WARN_64_TO_32_BIT_CONVERSION = YES;
				GCC_WARN_ABOUT_RETURN_TYPE = YES_ERROR;
				GCC_WARN_UNDECLARED_SELECTOR = YES;
				GCC_WARN_UNINITIALIZED_AUTOS = YES_AGGRESSIVE;
				GCC_WARN_UNUSED_FUNCTION = YES;
				GCC_WARN_UNUSED_VARIABLE = YES;
				IPHONEOS_DEPLOYMENT_TARGET = 17.0;
				LOCALIZATION_PREFERS_STRING_CATALOGS = YES;
				MTL_ENABLE_DEBUG_INFO = NO;
				MTL_FAST_MATH = YES;
				SDKROOT = iphoneos;
				SWIFT_COMPILATION_MODE = wholemodule;
				VALIDATE_PRODUCT = YES;
			};
			name = Release;
		};
		58B648672B2C86E60080B8F9 /* Debug */ = {
			isa = XCBuildConfiguration;
			buildSettings = {
				ASSETCATALOG_COMPILER_APPICON_NAME = AppIcon;
				ASSETCATALOG_COMPILER_GLOBAL_ACCENT_COLOR_NAME = AccentColor;
				CODE_SIGN_STYLE = Automatic;
				CURRENT_PROJECT_VERSION = 1;
				DEVELOPMENT_TEAM = 93KKDVN863;
				GENERATE_INFOPLIST_FILE = YES;
				INFOPLIST_FILE = LiveVideoEditor/Supportings/Info.plist;
				INFOPLIST_KEY_UIApplicationSupportsIndirectInputEvents = YES;
				INFOPLIST_KEY_UILaunchStoryboardName = LaunchScreen;
				INFOPLIST_KEY_UISupportedInterfaceOrientations = UIInterfaceOrientationPortrait;
				IPHONEOS_DEPLOYMENT_TARGET = 15.0;
				LD_RUNPATH_SEARCH_PATHS = (
					"$(inherited)",
					"@executable_path/Frameworks",
				);
				MARKETING_VERSION = 1.0;
				PRODUCT_BUNDLE_IDENTIFIER = com.tuesdayCode.kolosowskiar.LiveVideoEditor;
				PRODUCT_NAME = "$(TARGET_NAME)";
				SWIFT_EMIT_LOC_STRINGS = YES;
				SWIFT_VERSION = 5.0;
				TARGETED_DEVICE_FAMILY = "1,2";
			};
			name = Debug;
		};
		58B648682B2C86E60080B8F9 /* Release */ = {
			isa = XCBuildConfiguration;
			buildSettings = {
				ASSETCATALOG_COMPILER_APPICON_NAME = AppIcon;
				ASSETCATALOG_COMPILER_GLOBAL_ACCENT_COLOR_NAME = AccentColor;
				CODE_SIGN_STYLE = Automatic;
				CURRENT_PROJECT_VERSION = 1;
				DEVELOPMENT_TEAM = 93KKDVN863;
				GENERATE_INFOPLIST_FILE = YES;
				INFOPLIST_FILE = LiveVideoEditor/Supportings/Info.plist;
				INFOPLIST_KEY_UIApplicationSupportsIndirectInputEvents = YES;
				INFOPLIST_KEY_UILaunchStoryboardName = LaunchScreen;
				INFOPLIST_KEY_UISupportedInterfaceOrientations = UIInterfaceOrientationPortrait;
				IPHONEOS_DEPLOYMENT_TARGET = 15.0;
				LD_RUNPATH_SEARCH_PATHS = (
					"$(inherited)",
					"@executable_path/Frameworks",
				);
				MARKETING_VERSION = 1.0;
				PRODUCT_BUNDLE_IDENTIFIER = com.tuesdayCode.kolosowskiar.LiveVideoEditor;
				PRODUCT_NAME = "$(TARGET_NAME)";
				SWIFT_EMIT_LOC_STRINGS = YES;
				SWIFT_VERSION = 5.0;
				TARGETED_DEVICE_FAMILY = "1,2";
			};
			name = Release;
		};
/* End XCBuildConfiguration section */

/* Begin XCConfigurationList section */
		58B6484D2B2C86E30080B8F9 /* Build configuration list for PBXProject "LiveVideoEditor" */ = {
			isa = XCConfigurationList;
			buildConfigurations = (
				58B648642B2C86E60080B8F9 /* Debug */,
				58B648652B2C86E60080B8F9 /* Release */,
			);
			defaultConfigurationIsVisible = 0;
			defaultConfigurationName = Release;
		};
		58B648662B2C86E60080B8F9 /* Build configuration list for PBXNativeTarget "LiveVideoEditor" */ = {
			isa = XCConfigurationList;
			buildConfigurations = (
				58B648672B2C86E60080B8F9 /* Debug */,
				58B648682B2C86E60080B8F9 /* Release */,
			);
			defaultConfigurationIsVisible = 0;
			defaultConfigurationName = Release;
		};
/* End XCConfigurationList section */

/* Begin XCRemoteSwiftPackageReference section */
		582EF0092B2C88A600AE804D /* XCRemoteSwiftPackageReference "Swinject" */ = {
			isa = XCRemoteSwiftPackageReference;
			repositoryURL = "https://github.com/Swinject/Swinject";
			requirement = {
				kind = upToNextMajorVersion;
				minimumVersion = 2.8.4;
			};
		};
/* End XCRemoteSwiftPackageReference section */

/* Begin XCSwiftPackageProductDependency section */
		582EF00A2B2C88A600AE804D /* Swinject */ = {
			isa = XCSwiftPackageProductDependency;
			package = 582EF0092B2C88A600AE804D /* XCRemoteSwiftPackageReference "Swinject" */;
			productName = Swinject;
		};
/* End XCSwiftPackageProductDependency section */
	};
	rootObject = 58B6484A2B2C86E30080B8F9 /* Project object */;
}
